lockfileVersion: '9.0'

settings:
  autoInstallPeers: true
  excludeLinksFromLockfile: false

importers:

  .:
    dependencies:
      culori:
        specifier: ^4
        version: 4.0.1
      picocolors:
        specifier: ^1
        version: 1.1.1
      tailwindcss:
        specifier: ^3 || ^4
        version: 4.0.0
    devDependencies:
      '@types/culori':
        specifier: ^2
        version: 2.1.1
      typescript:
        specifier: ^5
        version: 5.7.3

packages:

  '@types/culori@2.1.1':
    resolution: {integrity: sha512-NzLYD0vNHLxTdPp8+RlvGbR2NfOZkwxcYGFwxNtm+WH2NuUNV8785zv1h0sulFQ5aFQ9n/jNDUuJeo3Bh7+oFA==}

  culori@4.0.1:
    resolution: {integrity: sha512-LSnjA6HuIUOlkfKVbzi2OlToZE8OjFi667JWN9qNymXVXzGDmvuP60SSgC+e92sd7B7158f7Fy3Mb6rXS5EDPw==}
    engines: {node: ^12.20.0 || ^14.13.1 || >=16.0.0}

  picocolors@1.1.1:
    resolution: {integrity: sha512-xceH2snhtb5M9liqDsmEw56le376mTZkEX/jEb/RxNFyegNul7eNslCXP9FDj/Lcu0X8KEyMceP2ntpaHrDEVA==}

  tailwindcss@4.0.0:
    resolution: {integrity: sha512-ULRPI3A+e39T7pSaf1xoi58AqqJxVCLg8F/uM5A3FadUbnyDTgltVnXJvdkTjwCOGA6NazqHVcwPJC5h2vRYVQ==}

  typescript@5.7.3:
    resolution: {integrity: sha512-84MVSjMEHP+FQRPy3pX9sTVV/INIex71s9TL2Gm5FG/WG1SqXeKyZ0k7/blY/4FdOzI12CBy1vGc4og/eus0fw==}
    engines: {node: '>=14.17'}
    hasBin: true

snapshots:

  '@types/culori@2.1.1': {}

  culori@4.0.1: {}

  picocolors@1.1.1: {}

  tailwindcss@4.0.0: {}

  typescript@5.7.3: {}
